
Microsoft Visual Studio Solution File, Format Version 12.00
# Visual Studio Version 17
VisualStudioVersion = 17.2.32526.322
MinimumVisualStudioVersion = 10.0.40219.1
Project("{FAE04EC0-301F-11D3-BF4B-00C04F79EFBC}") = "WpfApp1", "WpfApp1\WpfApp1.csproj", "{9CBD15B4-AE96-4511-8456-14D240F65A03}"
EndProject
Global
	GlobalSection(SolutionConfigurationPlatforms) = preSolution
		Debug|Any CPU = Debug|Any CPU
		Release|Any CPU = Release|Any CPU
	EndGlobalSection
	GlobalSection(ProjectConfigurationPlatforms) = postSolution
		{9CBD15B4-AE96-4511-8456-14D240F65A03}.Debug|Any CPU.ActiveCfg = Debug|Any CPU
		{9CBD15B4-AE96-4511-8456-14D240F65A03}.Debug|Any CPU.Build.0 = Debug|Any CPU
		{9CBD15B4-AE96-4511-8456-14D240F65A03}.Release|Any CPU.ActiveCfg = Release|Any CPU
		{9CBD15B4-AE96-4511-8456-14D240F65A03}.Release|Any CPU.Build.0 = Release|Any CPU
	EndGlobalSection
	GlobalSection(SolutionProperties) = preSolution
		HideSolutionNode = FALSE
	EndGlobalSection
	GlobalSection(ExtensibilityGlobals) = postSolution
		SolutionGuid = {E722F4CB-46CA-4B9D-B14B-810AEA3A3045}
	EndGlobalSection
EndGlobal
